
Microsoft Visual Studio Solution File, Format Version 12.00
# Visual Studio 15
VisualStudioVersion = 15.0.28307.1321
MinimumVisualStudioVersion = 10.0.40219.1
Project("{FAE04EC0-301F-11D3-BF4B-00C04F79EFBC}") = "Z_BandAPI", "Z_BandAPI\Z_BandAPI.csproj", "{FF6AD5B3-0048-4DA9-9C4B-588DE09F6DDC}"
EndProject
Global
	GlobalSection(SolutionConfigurationPlatforms) = preSolution
		Debug|Any CPU = Debug|Any CPU
		Release|Any CPU = Release|Any CPU
	EndGlobalSection
	GlobalSection(ProjectConfigurationPlatforms) = postSolution
		{FF6AD5B3-0048-4DA9-9C4B-588DE09F6DDC}.Debug|Any CPU.ActiveCfg = Debug|Any CPU
		{FF6AD5B3-0048-4DA9-9C4B-588DE09F6DDC}.Debug|Any CPU.Build.0 = Debug|Any CPU
		{FF6AD5B3-0048-4DA9-9C4B-588DE09F6DDC}.Release|Any CPU.ActiveCfg = Release|Any CPU
		{FF6AD5B3-0048-4DA9-9C4B-588DE09F6DDC}.Release|Any CPU.Build.0 = Release|Any CPU
	EndGlobalSection
	GlobalSection(SolutionProperties) = preSolution
		HideSolutionNode = FALSE
	EndGlobalSection
	GlobalSection(ExtensibilityGlobals) = postSolution
		SolutionGuid = {0033ACB1-604D-4592-BA4B-7979C8099475}
	EndGlobalSection
EndGlobal
